// !$*UTF8*$!
{
	archiveVersion = 1;
	classes = {
	};
	objectVersion = 46;
	objects = {

/* Begin PBXBuildFile section */
		D6C209CC1D22E92100F329F2 /* AppDelegate.swift in Sources */ = {isa = PBXBuildFile; fileRef = D6C209CB1D22E92100F329F2 /* AppDelegate.swift */; };
		D6C209CE1D22E92100F329F2 /* GameScene.sks in Resources */ = {isa = PBXBuildFile; fileRef = D6C209CD1D22E92100F329F2 /* GameScene.sks */; };
		D6C209D01D22E92100F329F2 /* GameScene.swift in Sources */ = {isa = PBXBuildFile; fileRef = D6C209CF1D22E92100F329F2 /* GameScene.swift */; };
		D6C209D21D22E92100F329F2 /* GameViewController.swift in Sources */ = {isa = PBXBuildFile; fileRef = D6C209D11D22E92100F329F2 /* GameViewController.swift */; };
		D6C209D51D22E92100F329F2 /* Main.storyboard in Resources */ = {isa = PBXBuildFile; fileRef = D6C209D31D22E92100F329F2 /* Main.storyboard */; };
		D6C209D71D22E92100F329F2 /* Assets.xcassets in Resources */ = {isa = PBXBuildFile; fileRef = D6C209D61D22E92100F329F2 /* Assets.xcassets */; };
		D6C209DA1D22E92100F329F2 /* LaunchScreen.storyboard in Resources */ = {isa = PBXBuildFile; fileRef = D6C209D81D22E92100F329F2 /* LaunchScreen.storyboard */; };
		D6C209E51D22E92100F329F2 /* EmitterTests.swift in Sources */ = {isa = PBXBuildFile; fileRef = D6C209E41D22E92100F329F2 /* EmitterTests.swift */; };
		D6C209F01D22E92100F329F2 /* EmitterUITests.swift in Sources */ = {isa = PBXBuildFile; fileRef = D6C209EF1D22E92100F329F2 /* EmitterUITests.swift */; };
/* End PBXBuildFile section */

/* Begin PBXContainerItemProxy section */
		D6C209E11D22E92100F329F2 /* PBXContainerItemProxy */ = {
			isa = PBXContainerItemProxy;
			containerPortal = D6C209C01D22E92100F329F2 /* Project object */;
			proxyType = 1;
			remoteGlobalIDString = D6C209C71D22E92100F329F2;
			remoteInfo = Emitter;
		};
		D6C209EC1D22E92100F329F2 /* PBXContainerItemProxy */ = {
			isa = PBXContainerItemProxy;
			containerPortal = D6C209C01D22E92100F329F2 /* Project object */;
			proxyType = 1;
			remoteGlobalIDString = D6C209C71D22E92100F329F2;
			remoteInfo = Emitter;
		};
/* End PBXContainerItemProxy section */

/* Begin PBXFileReference section */
		D6C209C81D22E92100F329F2 /* Emitter.app */ = {isa = PBXFileReference; explicitFileType = wrapper.application; includeInIndex = 0; path = Emitter.app; sourceTree = BUILT_PRODUCTS_DIR; };
		D6C209CB1D22E92100F329F2 /* AppDelegate.swift */ = {isa = PBXFileReference; lastKnownFileType = sourcecode.swift; path = AppDelegate.swift; sourceTree = "<group>"; };
		D6C209CD1D22E92100F329F2 /* GameScene.sks */ = {isa = PBXFileReference; lastKnownFileType = file.sks; path = GameScene.sks; sourceTree = "<group>"; };
		D6C209CF1D22E92100F329F2 /* GameScene.swift */ = {isa = PBXFileReference; lastKnownFileType = sourcecode.swift; path = GameScene.swift; sourceTree = "<group>"; };
		D6C209D11D22E92100F329F2 /* GameViewController.swift */ = {isa = PBXFileReference; lastKnownFileType = sourcecode.swift; path = GameViewController.swift; sourceTree = "<group>"; };
		D6C209D41D22E92100F329F2 /* Base */ = {isa = PBXFileReference; lastKnownFileType = file.storyboard; name = Base; path = Base.lproj/Main.storyboard; sourceTree = "<group>"; };
		D6C209D61D22E92100F329F2 /* Assets.xcassets */ = {isa = PBXFileReference; lastKnownFileType = folder.assetcatalog; path = Assets.xcassets; sourceTree = "<group>"; };
		D6C209D91D22E92100F329F2 /* Base */ = {isa = PBXFileReference; lastKnownFileType = file.storyboard; name = Base; path = Base.lproj/LaunchScreen.storyboard; sourceTree = "<group>"; };
		D6C209DB1D22E92100F329F2 /* Info.plist */ = {isa = PBXFileReference; lastKnownFileType = text.plist.xml; path = Info.plist; sourceTree = "<group>"; };
		D6C209E01D22E92100F329F2 /* EmitterTests.xctest */ = {isa = PBXFileReference; explicitFileType = wrapper.cfbundle; includeInIndex = 0; path = EmitterTests.xctest; sourceTree = BUILT_PRODUCTS_DIR; };
		D6C209E41D22E92100F329F2 /* EmitterTests.swift */ = {isa = PBXFileReference; lastKnownFileType = sourcecode.swift; path = EmitterTests.swift; sourceTree = "<group>"; };
		D6C209E61D22E92100F329F2 /* Info.plist */ = {isa = PBXFileReference; lastKnownFileType = text.plist.xml; path = Info.plist; sourceTree = "<group>"; };
		D6C209EB1D22E92100F329F2 /* EmitterUITests.xctest */ = {isa = PBXFileReference; explicitFileType = wrapper.cfbundle; includeInIndex = 0; path = EmitterUITests.xctest; sourceTree = BUILT_PRODUCTS_DIR; };
		D6C209EF1D22E92100F329F2 /* EmitterUITests.swift */ = {isa = PBXFileReference; lastKnownFileType = sourcecode.swift; path = EmitterUITests.swift; sourceTree = "<group>"; };
		D6C209F11D22E92100F329F2 /* Info.plist */ = {isa = PBXFileReference; lastKnownFileType = text.plist.xml; path = Info.plist; sourceTree = "<group>"; };
/* End PBXFileReference section */

/* Begin PBXFrameworksBuildPhase section */
		D6C209C51D22E92100F329F2 /* Frameworks */ = {
			isa = PBXFrameworksBuildPhase;
			buildActionMask = 2147483647;
			files = (
			);
			runOnlyForDeploymentPostprocessing = 0;
		};
		D6C209DD1D22E92100F329F2 /* Frameworks */ = {
			isa = PBXFrameworksBuildPhase;
			buildActionMask = 2147483647;
			files = (
			);
			runOnlyForDeploymentPostprocessing = 0;
		};
		D6C209E81D22E92100F329F2 /* Frameworks */ = {
			isa = PBXFrameworksBuildPhase;
			buildActionMask = 2147483647;
			files = (
			);
			runOnlyForDeploymentPostprocessing = 0;
		};
/* End PBXFrameworksBuildPhase section */

/* Begin PBXGroup section */
		D6C209BF1D22E92100F329F2 = {
			isa = PBXGroup;
			children = (
				D6C209CA1D22E92100F329F2 /* Emitter */,
				D6C209E31D22E92100F329F2 /* EmitterTests */,
				D6C209EE1D22E92100F329F2 /* EmitterUITests */,
				D6C209C91D22E92100F329F2 /* Products */,
			);
			sourceTree = "<group>";
		};
		D6C209C91D22E92100F329F2 /* Products */ = {
			isa = PBXGroup;
			children = (
				D6C209C81D22E92100F329F2 /* Emitter.app */,
				D6C209E01D22E92100F329F2 /* EmitterTests.xctest */,
				D6C209EB1D22E92100F329F2 /* EmitterUITests.xctest */,
			);
			name = Products;
			sourceTree = "<group>";
		};
		D6C209CA1D22E92100F329F2 /* Emitter */ = {
			isa = PBXGroup;
			children = (
				D6C209CB1D22E92100F329F2 /* AppDelegate.swift */,
				D6C209CD1D22E92100F329F2 /* GameScene.sks */,
				D6C209CF1D22E92100F329F2 /* GameScene.swift */,
				D6C209D11D22E92100F329F2 /* GameViewController.swift */,
				D6C209D31D22E92100F329F2 /* Main.storyboard */,
				D6C209D61D22E92100F329F2 /* Assets.xcassets */,
				D6C209D81D22E92100F329F2 /* LaunchScreen.storyboard */,
				D6C209DB1D22E92100F329F2 /* Info.plist */,
			);
			path = Emitter;
			sourceTree = "<group>";
		};
		D6C209E31D22E92100F329F2 /* EmitterTests */ = {
			isa = PBXGroup;
			children = (
				D6C209E41D22E92100F329F2 /* EmitterTests.swift */,
				D6C209E61D22E92100F329F2 /* Info.plist */,
			);
			path = EmitterTests;
			sourceTree = "<group>";
		};
		D6C209EE1D22E92100F329F2 /* EmitterUITests */ = {
			isa = PBXGroup;
			children = (
				D6C209EF1D22E92100F329F2 /* EmitterUITests.swift */,
				D6C209F11D22E92100F329F2 /* Info.plist */,
			);
			path = EmitterUITests;
			sourceTree = "<group>";
		};
/* End PBXGroup section */

/* Begin PBXNativeTarget section */
		D6C209C71D22E92100F329F2 /* Emitter */ = {
			isa = PBXNativeTarget;
			buildConfigurationList = D6C209F41D22E92100F329F2 /* Build configuration list for PBXNativeTarget "Emitter" */;
			buildPhases = (
				D6C209C41D22E92100F329F2 /* Sources */,
				D6C209C51D22E92100F329F2 /* Frameworks */,
				D6C209C61D22E92100F329F2 /* Resources */,
			);
			buildRules = (
			);
			dependencies = (
			);
			name = Emitter;
			productName = Emitter;
			productReference = D6C209C81D22E92100F329F2 /* Emitter.app */;
			productType = "com.apple.product-type.application";
		};
		D6C209DF1D22E92100F329F2 /* EmitterTests */ = {
			isa = PBXNativeTarget;
			buildConfigurationList = D6C209F71D22E92100F329F2 /* Build configuration list for PBXNativeTarget "EmitterTests" */;
			buildPhases = (
				D6C209DC1D22E92100F329F2 /* Sources */,
				D6C209DD1D22E92100F329F2 /* Frameworks */,
				D6C209DE1D22E92100F329F2 /* Resources */,
			);
			buildRules = (
			);
			dependencies = (
				D6C209E21D22E92100F329F2 /* PBXTargetDependency */,
			);
			name = EmitterTests;
			productName = EmitterTests;
			productReference = D6C209E01D22E92100F329F2 /* EmitterTests.xctest */;
			productType = "com.apple.product-type.bundle.unit-test";
		};
		D6C209EA1D22E92100F329F2 /* EmitterUITests */ = {
			isa = PBXNativeTarget;
			buildConfigurationList = D6C209FA1D22E92100F329F2 /* Build configuration list for PBXNativeTarget "EmitterUITests" */;
			buildPhases = (
				D6C209E71D22E92100F329F2 /* Sources */,
				D6C209E81D22E92100F329F2 /* Frameworks */,
				D6C209E91D22E92100F329F2 /* Resources */,
			);
			buildRules = (
			);
			dependencies = (
				D6C209ED1D22E92100F329F2 /* PBXTargetDependency */,
			);
			name = EmitterUITests;
			productName = EmitterUITests;
			productReference = D6C209EB1D22E92100F329F2 /* EmitterUITests.xctest */;
			productType = "com.apple.product-type.bundle.ui-testing";
		};
/* End PBXNativeTarget section */

/* Begin PBXProject section */
		D6C209C01D22E92100F329F2 /* Project object */ = {
			isa = PBXProject;
			attributes = {
				LastSwiftUpdateCheck = 0730;
				LastUpgradeCheck = 0730;
				ORGANIZATIONNAME = "Stephen Brennan";
				TargetAttributes = {
					D6C209C71D22E92100F329F2 = {
						CreatedOnToolsVersion = 7.3.1;
					};
					D6C209DF1D22E92100F329F2 = {
						CreatedOnToolsVersion = 7.3.1;
						TestTargetID = D6C209C71D22E92100F329F2;
					};
					D6C209EA1D22E92100F329F2 = {
						CreatedOnToolsVersion = 7.3.1;
						TestTargetID = D6C209C71D22E92100F329F2;
					};
				};
			};
			buildConfigurationList = D6C209C31D22E92100F329F2 /* Build configuration list for PBXProject "Emitter" */;
			compatibilityVersion = "Xcode 3.2";
			developmentRegion = English;
			hasScannedForEncodings = 0;
			knownRegions = (
				en,
				Base,
			);
			mainGroup = D6C209BF1D22E92100F329F2;
			productRefGroup = D6C209C91D22E92100F329F2 /* Products */;
			projectDirPath = "";
			projectRoot = "";
			targets = (
				D6C209C71D22E92100F329F2 /* Emitter */,
				D6C209DF1D22E92100F329F2 /* EmitterTests */,
				D6C209EA1D22E92100F329F2 /* EmitterUITests */,
			);
		};
/* End PBXProject section */

/* Begin PBXResourcesBuildPhase section */
		D6C209C61D22E92100F329F2 /* Resources */ = {
			isa = PBXResourcesBuildPhase;
			buildActionMask = 2147483647;
			files = (
				D6C209CE1D22E92100F329F2 /* GameScene.sks in Resources */,
				D6C209DA1D22E92100F329F2 /* LaunchScreen.storyboard in Resources */,
				D6C209D71D22E92100F329F2 /* Assets.xcassets in Resources */,
				D6C209D51D22E92100F329F2 /* Main.storyboard in Resources */,
			);
			runOnlyForDeploymentPostprocessing = 0;
		};
		D6C209DE1D22E92100F329F2 /* Resources */ = {
			isa = PBXResourcesBuildPhase;
			buildActionMask = 2147483647;
			files = (
			);
			runOnlyForDeploymentPostprocessing = 0;
		};
		D6C209E91D22E92100F329F2 /* Resources */ = {
			isa = PBXResourcesBuildPhase;
			buildActionMask = 2147483647;
			files = (
			);
			runOnlyForDeploymentPostprocessing = 0;
		};
/* End PBXResourcesBuildPhase section */

/* Begin PBXSourcesBuildPhase section */
		D6C209C41D22E92100F329F2 /* Sources */ = {
			isa = PBXSourcesBuildPhase;
			buildActionMask = 2147483647;
			files = (
				D6C209D01D22E92100F329F2 /* GameScene.swift in Sources */,
				D6C209D21D22E92100F329F2 /* GameViewController.swift in Sources */,
				D6C209CC1D22E92100F329F2 /* AppDelegate.swift in Sources */,
			);
			runOnlyForDeploymentPostprocessing = 0;
		};
		D6C209DC1D22E92100F329F2 /* Sources */ = {
			isa = PBXSourcesBuildPhase;
			buildActionMask = 2147483647;
			files = (
				D6C209E51D22E92100F329F2 /* EmitterTests.swift in Sources */,
			);
			runOnlyForDeploymentPostprocessing = 0;
		};
		D6C209E71D22E92100F329F2 /* Sources */ = {
			isa = PBXSourcesBuildPhase;
			buildActionMask = 2147483647;
			files = (
				D6C209F01D22E92100F329F2 /* EmitterUITests.swift in Sources */,
			);
			runOnlyForDeploymentPostprocessing = 0;
		};
/* End PBXSourcesBuildPhase section */

/* Begin PBXTargetDependency section */
		D6C209E21D22E92100F329F2 /* PBXTargetDependency */ = {
			isa = PBXTargetDependency;
			target = D6C209C71D22E92100F329F2 /* Emitter */;
			targetProxy = D6C209E11D22E92100F329F2 /* PBXContainerItemProxy */;
		};
		D6C209ED1D22E92100F329F2 /* PBXTargetDependency */ = {
			isa = PBXTargetDependency;
			target = D6C209C71D22E92100F329F2 /* Emitter */;
			targetProxy = D6C209EC1D22E92100F329F2 /* PBXContainerItemProxy */;
		};
/* End PBXTargetDependency section */

/* Begin PBXVariantGroup section */
		D6C209D31D22E92100F329F2 /* Main.storyboard */ = {
			isa = PBXVariantGroup;
			children = (
				D6C209D41D22E92100F329F2 /* Base */,
			);
			name = Main.storyboard;
			sourceTree = "<group>";
		};
		D6C209D81D22E92100F329F2 /* LaunchScreen.storyboard */ = {
			isa = PBXVariantGroup;
			children = (
				D6C209D91D22E92100F329F2 /* Base */,
			);
			name = LaunchScreen.storyboard;
			sourceTree = "<group>";
		};
/* End PBXVariantGroup section */

/* Begin XCBuildConfiguration section */
		D6C209F21D22E92100F329F2 /* Debug */ = {
			isa = XCBuildConfiguration;
			buildSettings = {
				ALWAYS_SEARCH_USER_PATHS = NO;
				CLANG_ANALYZER_NONNULL = YES;
				CLANG_CXX_LANGUAGE_STANDARD = "gnu++0x";
				CLANG_CXX_LIBRARY = "libc++";
				CLANG_ENABLE_MODULES = YES;
				CLANG_ENABLE_OBJC_ARC = YES;
				CLANG_WARN_BOOL_CONVERSION = YES;
				CLANG_WARN_CONSTANT_CONVERSION = YES;
				CLANG_WARN_DIRECT_OBJC_ISA_USAGE = YES_ERROR;
				CLANG_WARN_EMPTY_BODY = YES;
				CLANG_WARN_ENUM_CONVERSION = YES;
				CLANG_WARN_INT_CONVERSION = YES;
				CLANG_WARN_OBJC_ROOT_CLASS = YES_ERROR;
				CLANG_WARN_UNREACHABLE_CODE = YES;
				CLANG_WARN__DUPLICATE_METHOD_MATCH = YES;
				"CODE_SIGN_IDENTITY[sdk=iphoneos*]" = "iPhone Developer";
				COPY_PHASE_STRIP = NO;
				DEBUG_INFORMATION_FORMAT = "dwarf-with-dsym";
				ENABLE_STRICT_OBJC_MSGSEND = YES;
				ENABLE_TESTABILITY = YES;
				GCC_C_LANGUAGE_STANDARD = gnu99;
				GCC_DYNAMIC_NO_PIC = NO;
				GCC_NO_COMMON_BLOCKS = YES;
				GCC_OPTIMIZATION_LEVEL = 0;
				GCC_PREPROCESSOR_DEFINITIONS = (
					"DEBUG=1",
					"$(inherited)",
				);
				GCC_WARN_64_TO_32_BIT_CONVERSION = YES;
				GCC_WARN_ABOUT_RETURN_TYPE = YES_ERROR;
				GCC_WARN_UNDECLARED_SELECTOR = YES;
				GCC_WARN_UNINITIALIZED_AUTOS = YES_AGGRESSIVE;
				GCC_WARN_UNUSED_FUNCTION = YES;
				GCC_WARN_UNUSED_VARIABLE = YES;
				IPHONEOS_DEPLOYMENT_TARGET = 9.3;
				MTL_ENABLE_DEBUG_INFO = YES;
				ONLY_ACTIVE_ARCH = YES;
				SDKROOT = iphoneos;
				SWIFT_OPTIMIZATION_LEVEL = "-Onone";
				TARGETED_DEVICE_FAMILY = "1,2";
			};
			name = Debug;
		};
		D6C209F31D22E92100F329F2 /* Release */ = {
			isa = XCBuildConfiguration;
			buildSettings = {
				ALWAYS_SEARCH_USER_PATHS = NO;
				CLANG_ANALYZER_NONNULL = YES;
				CLANG_CXX_LANGUAGE_STANDARD = "gnu++0x";
				CLANG_CXX_LIBRARY = "libc++";
				CLANG_ENABLE_MODULES = YES;
				CLANG_ENABLE_OBJC_ARC = YES;
				CLANG_WARN_BOOL_CONVERSION = YES;
				CLANG_WARN_CONSTANT_CONVERSION = YES;
				CLANG_WARN_DIRECT_OBJC_ISA_USAGE = YES_ERROR;
				CLANG_WARN_EMPTY_BODY = YES;
				CLANG_WARN_ENUM_CONVERSION = YES;
				CLANG_WARN_INT_CONVERSION = YES;
				CLANG_WARN_OBJC_ROOT_CLASS = YES_ERROR;
				CLANG_WARN_UNREACHABLE_CODE = YES;
				CLANG_WARN__DUPLICATE_METHOD_MATCH = YES;
				"CODE_SIGN_IDENTITY[sdk=iphoneos*]" = "iPhone Developer";
				COPY_PHASE_STRIP = NO;
				DEBUG_INFORMATION_FORMAT = "dwarf-with-dsym";
				ENABLE_NS_ASSERTIONS = NO;
				ENABLE_STRICT_OBJC_MSGSEND = YES;
				GCC_C_LANGUAGE_STANDARD = gnu99;
				GCC_NO_COMMON_BLOCKS = YES;
				GCC_WARN_64_TO_32_BIT_CONVERSION = YES;
				GCC_WARN_ABOUT_RETURN_TYPE = YES_ERROR;
				GCC_WARN_UNDECLARED_SELECTOR = YES;
				GCC_WARN_UNINITIALIZED_AUTOS = YES_AGGRESSIVE;
				GCC_WARN_UNUSED_FUNCTION = YES;
				GCC_WARN_UNUSED_VARIABLE = YES;
				IPHONEOS_DEPLOYMENT_TARGET = 9.3;
				MTL_ENABLE_DEBUG_INFO = NO;
				SDKROOT = iphoneos;
				TARGETED_DEVICE_FAMILY = "1,2";
				VALIDATE_PRODUCT = YES;
			};
			name = Release;
		};
		D6C209F51D22E92100F329F2 /* Debug */ = {
			isa = XCBuildConfiguration;
			buildSettings = {
				ASSETCATALOG_COMPILER_APPICON_NAME = AppIcon;
				INFOPLIST_FILE = Emitter/Info.plist;
				LD_RUNPATH_SEARCH_PATHS = "$(inherited) @executable_path/Frameworks";
				PRODUCT_BUNDLE_IDENTIFIER = esscbee.Emitter;
				PRODUCT_NAME = "$(TARGET_NAME)";
			};
			name = Debug;
		};
		D6C209F61D22E92100F329F2 /* Release */ = {
			isa = XCBuildConfiguration;
			buildSettings = {
				ASSETCATALOG_COMPILER_APPICON_NAME = AppIcon;
				INFOPLIST_FILE = Emitter/Info.plist;
				LD_RUNPATH_SEARCH_PATHS = "$(inherited) @executable_path/Frameworks";
				PRODUCT_BUNDLE_IDENTIFIER = esscbee.Emitter;
				PRODUCT_NAME = "$(TARGET_NAME)";
			};
			name = Release;
		};
		D6C209F81D22E92100F329F2 /* Debug */ = {
			isa = XCBuildConfiguration;
			buildSettings = {
				BUNDLE_LOADER = "$(TEST_HOST)";
				DEBUG_INFORMATION_FORMAT = dwarf;
				INFOPLIST_FILE = EmitterTests/Info.plist;
				LD_RUNPATH_SEARCH_PATHS = "$(inherited) @executable_path/Frameworks @loader_path/Frameworks";
				PRODUCT_BUNDLE_IDENTIFIER = esscbee.EmitterTests;
				PRODUCT_NAME = "$(TARGET_NAME)";
				TEST_HOST = "$(BUILT_PRODUCTS_DIR)/Emitter.app/Emitter";
			};
			name = Debug;
		};
		D6C209F91D22E92100F329F2 /* Release */ = {
			isa = XCBuildConfiguration;
			buildSettings = {
				BUNDLE_LOADER = "$(TEST_HOST)";
				INFOPLIST_FILE = EmitterTests/Info.plist;
				LD_RUNPATH_SEARCH_PATHS = "$(inherited) @executable_path/Frameworks @loader_path/Frameworks";
				PRODUCT_BUNDLE_IDENTIFIER = esscbee.EmitterTests;
				PRODUCT_NAME = "$(TARGET_NAME)";
				TEST_HOST = "$(BUILT_PRODUCTS_DIR)/Emitter.app/Emitter";
			};
			name = Release;
		};
		D6C209FB1D22E92100F329F2 /* Debug */ = {
			isa = XCBuildConfiguration;
			buildSettings = {
				DEBUG_INFORMATION_FORMAT = dwarf;
				INFOPLIST_FILE = EmitterUITests/Info.plist;
				LD_RUNPATH_SEARCH_PATHS = "$(inherited) @executable_path/Frameworks @loader_path/Frameworks";
				PRODUCT_BUNDLE_IDENTIFIER = esscbee.EmitterUITests;
				PRODUCT_NAME = "$(TARGET_NAME)";
				TEST_TARGET_NAME = Emitter;
			};
			name = Debug;
		};
		D6C209FC1D22E92100F329F2 /* Release */ = {
			isa = XCBuildConfiguration;
			buildSettings = {
				INFOPLIST_FILE = EmitterUITests/Info.plist;
				LD_RUNPATH_SEARCH_PATHS = "$(inherited) @executable_path/Frameworks @loader_path/Frameworks";
				PRODUCT_BUNDLE_IDENTIFIER = esscbee.EmitterUITests;
				PRODUCT_NAME = "$(TARGET_NAME)";
				TEST_TARGET_NAME = Emitter;
			};
			name = Release;
		};
/* End XCBuildConfiguration section */

/* Begin XCConfigurationList section */
		D6C209C31D22E92100F329F2 /* Build configuration list for PBXProject "Emitter" */ = {
			isa = XCConfigurationList;
			buildConfigurations = (
				D6C209F21D22E92100F329F2 /* Debug */,
				D6C209F31D22E92100F329F2 /* Release */,
			);
			defaultConfigurationIsVisible = 0;
			defaultConfigurationName = Release;
		};
		D6C209F41D22E92100F329F2 /* Build configuration list for PBXNativeTarget "Emitter" */ = {
			isa = XCConfigurationList;
			buildConfigurations = (
				D6C209F51D22E92100F329F2 /* Debug */,
				D6C209F61D22E92100F329F2 /* Release */,
			);
			defaultConfigurationIsVisible = 0;
		};
		D6C209F71D22E92100F329F2 /* Build configuration list for PBXNativeTarget "EmitterTests" */ = {
			isa = XCConfigurationList;
			buildConfigurations = (
				D6C209F81D22E92100F329F2 /* Debug */,
				D6C209F91D22E92100F329F2 /* Release */,
			);
			defaultConfigurationIsVisible = 0;
		};
		D6C209FA1D22E92100F329F2 /* Build configuration list for PBXNativeTarget "EmitterUITests" */ = {
			isa = XCConfigurationList;
			buildConfigurations = (
				D6C209FB1D22E92100F329F2 /* Debug */,
				D6C209FC1D22E92100F329F2 /* Release */,
			);
			defaultConfigurationIsVisible = 0;
		};
/* End XCConfigurationList section */
	};
	rootObject = D6C209C01D22E92100F329F2 /* Project object */;
}
